
Microsoft Visual Studio Solution File, Format Version 12.00
# Visual Studio Version 17
VisualStudioVersion = 17.1.32210.238
MinimumVisualStudioVersion = 10.0.40219.1
Project("{9A19103F-16F7-4668-BE54-9A1E7A4F7556}") = "EntityFrameworkApp", "EntityFrameworkApp\EntityFrameworkApp.csproj", "{5AFEF506-C7D6-43F0-8F41-F8DAB45A5B90}"
EndProject
Project("{9A19103F-16F7-4668-BE54-9A1E7A4F7556}") = "StateMachine", "..\StateMachine\StateMachine\StateMachine.csproj", "{3A60EB65-6BE5-4D06-8108-5413B5A22C1E}"
EndProject
Global
	GlobalSection(SolutionConfigurationPlatforms) = preSolution
		Debug|Any CPU = Debug|Any CPU
		Release|Any CPU = Release|Any CPU
	EndGlobalSection
	GlobalSection(ProjectConfigurationPlatforms) = postSolution
		{5AFEF506-C7D6-43F0-8F41-F8DAB45A5B90}.Debug|Any CPU.ActiveCfg = Debug|Any CPU
		{5AFEF506-C7D6-43F0-8F41-F8DAB45A5B90}.Debug|Any CPU.Build.0 = Debug|Any CPU
		{5AFEF506-C7D6-43F0-8F41-F8DAB45A5B90}.Release|Any CPU.ActiveCfg = Release|Any CPU
		{5AFEF506-C7D6-43F0-8F41-F8DAB45A5B90}.Release|Any CPU.Build.0 = Release|Any CPU
		{3A60EB65-6BE5-4D06-8108-5413B5A22C1E}.Debug|Any CPU.ActiveCfg = Debug|Any CPU
		{3A60EB65-6BE5-4D06-8108-5413B5A22C1E}.Debug|Any CPU.Build.0 = Debug|Any CPU
		{3A60EB65-6BE5-4D06-8108-5413B5A22C1E}.Release|Any CPU.ActiveCfg = Release|Any CPU
		{3A60EB65-6BE5-4D06-8108-5413B5A22C1E}.Release|Any CPU.Build.0 = Release|Any CPU
	EndGlobalSection
	GlobalSection(SolutionProperties) = preSolution
		HideSolutionNode = FALSE
	EndGlobalSection
	GlobalSection(ExtensibilityGlobals) = postSolution
		SolutionGuid = {5615E65D-3464-4260-B407-723BFFAB7D18}
	EndGlobalSection
EndGlobal
